
Microsoft Visual Studio Solution File, Format Version 12.00
Project("{2150E333-8FDC-42A3-9474-1A3956D46DE8}") = "src", "src", "{FAD084A6-BBE0-4128-A74A-C77E3CAACFD3}"
EndProject
Project("{2150E333-8FDC-42A3-9474-1A3956D46DE8}") = "test", "test", "{AD993F4D-48BA-4138-9007-62F23B4B6A6A}"
EndProject
Project("{FAE04EC0-301F-11D3-BF4B-00C04F79EFBC}") = "OM.Auth.Common", "OM.Auth.Common\OM.Auth.Common.csproj", "{9D47AD0E-680D-4020-8F64-0AB23560D567}"
EndProject
Project("{FAE04EC0-301F-11D3-BF4B-00C04F79EFBC}") = "OM.Auth.Infrastructure", "OM.Auth.Infrastructure\OM.Auth.Infrastructure.csproj", "{3E3430E4-B077-43BD-9724-0C6A794DD1A7}"
EndProject
Project("{FAE04EC0-301F-11D3-BF4B-00C04F79EFBC}") = "OM.Auth.Core", "OM.Auth.Core\OM.Auth.Core.csproj", "{8F8FC9AE-FC8A-46A7-A296-E31AF5B8047F}"
EndProject
Project("{FAE04EC0-301F-11D3-BF4B-00C04F79EFBC}") = "OM.Auth.Service", "OM.Auth.Service\OM.Auth.Service.csproj", "{519AA686-7E26-4744-80BC-BCC243DD6668}"
EndProject
Project("{FAE04EC0-301F-11D3-BF4B-00C04F79EFBC}") = "OM.Auth.DataModels", "OM.Auth.DataModels\OM.Auth.DataModels.csproj", "{D27BCA88-D1BF-4C85-ABA8-70B750B9E601}"
EndProject
Global
	GlobalSection(SolutionConfigurationPlatforms) = preSolution
		Debug|Any CPU = Debug|Any CPU
		Release|Any CPU = Release|Any CPU
	EndGlobalSection
	GlobalSection(NestedProjects) = preSolution
		{9D47AD0E-680D-4020-8F64-0AB23560D567} = {FAD084A6-BBE0-4128-A74A-C77E3CAACFD3}
		{3E3430E4-B077-43BD-9724-0C6A794DD1A7} = {FAD084A6-BBE0-4128-A74A-C77E3CAACFD3}
		{8F8FC9AE-FC8A-46A7-A296-E31AF5B8047F} = {FAD084A6-BBE0-4128-A74A-C77E3CAACFD3}
		{519AA686-7E26-4744-80BC-BCC243DD6668} = {FAD084A6-BBE0-4128-A74A-C77E3CAACFD3}
		{D27BCA88-D1BF-4C85-ABA8-70B750B9E601} = {FAD084A6-BBE0-4128-A74A-C77E3CAACFD3}
	EndGlobalSection
	GlobalSection(ProjectConfigurationPlatforms) = postSolution
		{9D47AD0E-680D-4020-8F64-0AB23560D567}.Debug|Any CPU.ActiveCfg = Debug|Any CPU
		{9D47AD0E-680D-4020-8F64-0AB23560D567}.Debug|Any CPU.Build.0 = Debug|Any CPU
		{9D47AD0E-680D-4020-8F64-0AB23560D567}.Release|Any CPU.ActiveCfg = Release|Any CPU
		{9D47AD0E-680D-4020-8F64-0AB23560D567}.Release|Any CPU.Build.0 = Release|Any CPU
		{3E3430E4-B077-43BD-9724-0C6A794DD1A7}.Debug|Any CPU.ActiveCfg = Debug|Any CPU
		{3E3430E4-B077-43BD-9724-0C6A794DD1A7}.Debug|Any CPU.Build.0 = Debug|Any CPU
		{3E3430E4-B077-43BD-9724-0C6A794DD1A7}.Release|Any CPU.ActiveCfg = Release|Any CPU
		{3E3430E4-B077-43BD-9724-0C6A794DD1A7}.Release|Any CPU.Build.0 = Release|Any CPU
		{8F8FC9AE-FC8A-46A7-A296-E31AF5B8047F}.Debug|Any CPU.ActiveCfg = Debug|Any CPU
		{8F8FC9AE-FC8A-46A7-A296-E31AF5B8047F}.Debug|Any CPU.Build.0 = Debug|Any CPU
		{8F8FC9AE-FC8A-46A7-A296-E31AF5B8047F}.Release|Any CPU.ActiveCfg = Release|Any CPU
		{8F8FC9AE-FC8A-46A7-A296-E31AF5B8047F}.Release|Any CPU.Build.0 = Release|Any CPU
		{519AA686-7E26-4744-80BC-BCC243DD6668}.Debug|Any CPU.ActiveCfg = Debug|Any CPU
		{519AA686-7E26-4744-80BC-BCC243DD6668}.Debug|Any CPU.Build.0 = Debug|Any CPU
		{519AA686-7E26-4744-80BC-BCC243DD6668}.Release|Any CPU.ActiveCfg = Release|Any CPU
		{519AA686-7E26-4744-80BC-BCC243DD6668}.Release|Any CPU.Build.0 = Release|Any CPU
		{D27BCA88-D1BF-4C85-ABA8-70B750B9E601}.Debug|Any CPU.ActiveCfg = Debug|Any CPU
		{D27BCA88-D1BF-4C85-ABA8-70B750B9E601}.Debug|Any CPU.Build.0 = Debug|Any CPU
		{D27BCA88-D1BF-4C85-ABA8-70B750B9E601}.Release|Any CPU.ActiveCfg = Release|Any CPU
		{D27BCA88-D1BF-4C85-ABA8-70B750B9E601}.Release|Any CPU.Build.0 = Release|Any CPU
	EndGlobalSection
EndGlobal
